// !$*UTF8*$!
{
	archiveVersion = 1;
	classes = {
	};
	objectVersion = 56;
	objects = {

/* Begin PBXBuildFile section */
		0643A59929EDF74000CD36D4 /* RegistryViewController.swift in Sources */ = {isa = PBXBuildFile; fileRef = 0643A59829EDF74000CD36D4 /* RegistryViewController.swift */; };
		0643A59B29EDF76D00CD36D4 /* ForgotPasswordViewController.swift in Sources */ = {isa = PBXBuildFile; fileRef = 0643A59A29EDF76D00CD36D4 /* ForgotPasswordViewController.swift */; };
		0643A59E29EDF82500CD36D4 /* Router.swift in Sources */ = {isa = PBXBuildFile; fileRef = 0643A59D29EDF82500CD36D4 /* Router.swift */; };
		0643A5A029EDF92600CD36D4 /* MainRouter.swift in Sources */ = {isa = PBXBuildFile; fileRef = 0643A59F29EDF92600CD36D4 /* MainRouter.swift */; };
		064E83A029ED90E700A09553 /* LogoView.swift in Sources */ = {isa = PBXBuildFile; fileRef = 064E839F29ED90E700A09553 /* LogoView.swift */; };
		064E83A229ED9E6200A09553 /* CustomButton.swift in Sources */ = {isa = PBXBuildFile; fileRef = 064E83A129ED9E6200A09553 /* CustomButton.swift */; };
		068189D729EF099D00C6EA84 /* AlertManager.swift in Sources */ = {isa = PBXBuildFile; fileRef = 068189D629EF099D00C6EA84 /* AlertManager.swift */; };
		068189D929EF124F00C6EA84 /* GoogleService-Info.plist in Resources */ = {isa = PBXBuildFile; fileRef = 068189D829EF124F00C6EA84 /* GoogleService-Info.plist */; };
		068189DD29EF175C00C6EA84 /* FirebaseAnalytics in Frameworks */ = {isa = PBXBuildFile; productRef = 068189DC29EF175C00C6EA84 /* FirebaseAnalytics */; };
		068189DF29EF175C00C6EA84 /* FirebaseAnalyticsOnDeviceConversion in Frameworks */ = {isa = PBXBuildFile; productRef = 068189DE29EF175C00C6EA84 /* FirebaseAnalyticsOnDeviceConversion */; };
		068189E129EF175C00C6EA84 /* FirebaseAnalyticsSwift in Frameworks */ = {isa = PBXBuildFile; productRef = 068189E029EF175C00C6EA84 /* FirebaseAnalyticsSwift */; };
		068189E329EF175C00C6EA84 /* FirebaseAnalyticsWithoutAdIdSupport in Frameworks */ = {isa = PBXBuildFile; productRef = 068189E229EF175C00C6EA84 /* FirebaseAnalyticsWithoutAdIdSupport */; };
		068189E529EF175C00C6EA84 /* FirebaseAppCheck in Frameworks */ = {isa = PBXBuildFile; productRef = 068189E429EF175C00C6EA84 /* FirebaseAppCheck */; };
		068189E729EF175C00C6EA84 /* FirebaseAppDistribution-Beta in Frameworks */ = {isa = PBXBuildFile; productRef = 068189E629EF175C00C6EA84 /* FirebaseAppDistribution-Beta */; };
		068189E929EF175C00C6EA84 /* FirebaseAuth in Frameworks */ = {isa = PBXBuildFile; productRef = 068189E829EF175C00C6EA84 /* FirebaseAuth */; };
		068189EB29EF175C00C6EA84 /* FirebaseAuthCombine-Community in Frameworks */ = {isa = PBXBuildFile; productRef = 068189EA29EF175C00C6EA84 /* FirebaseAuthCombine-Community */; };
		068189ED29EF175C00C6EA84 /* FirebaseCrashlytics in Frameworks */ = {isa = PBXBuildFile; productRef = 068189EC29EF175C00C6EA84 /* FirebaseCrashlytics */; };
		068189EF29EF175C00C6EA84 /* FirebaseDatabase in Frameworks */ = {isa = PBXBuildFile; productRef = 068189EE29EF175C00C6EA84 /* FirebaseDatabase */; };
		068189F129EF175C00C6EA84 /* FirebaseDatabaseSwift in Frameworks */ = {isa = PBXBuildFile; productRef = 068189F029EF175C00C6EA84 /* FirebaseDatabaseSwift */; };
		068189F329EF175C00C6EA84 /* FirebaseDynamicLinks in Frameworks */ = {isa = PBXBuildFile; productRef = 068189F229EF175C00C6EA84 /* FirebaseDynamicLinks */; };
		068189F529EF175C00C6EA84 /* FirebaseFirestore in Frameworks */ = {isa = PBXBuildFile; productRef = 068189F429EF175C00C6EA84 /* FirebaseFirestore */; };
		068189F729EF175C00C6EA84 /* FirebaseFirestoreCombine-Community in Frameworks */ = {isa = PBXBuildFile; productRef = 068189F629EF175C00C6EA84 /* FirebaseFirestoreCombine-Community */; };
		068189F929EF175C00C6EA84 /* FirebaseFirestoreSwift in Frameworks */ = {isa = PBXBuildFile; productRef = 068189F829EF175C00C6EA84 /* FirebaseFirestoreSwift */; };
		068189FB29EF175C00C6EA84 /* FirebaseFunctions in Frameworks */ = {isa = PBXBuildFile; productRef = 068189FA29EF175C00C6EA84 /* FirebaseFunctions */; };
		068189FD29EF175C00C6EA84 /* FirebaseFunctionsCombine-Community in Frameworks */ = {isa = PBXBuildFile; productRef = 068189FC29EF175C00C6EA84 /* FirebaseFunctionsCombine-Community */; };
		068189FF29EF175C00C6EA84 /* FirebaseInAppMessaging-Beta in Frameworks */ = {isa = PBXBuildFile; productRef = 068189FE29EF175C00C6EA84 /* FirebaseInAppMessaging-Beta */; };
		06818A0129EF175C00C6EA84 /* FirebaseInAppMessagingSwift-Beta in Frameworks */ = {isa = PBXBuildFile; productRef = 06818A0029EF175C00C6EA84 /* FirebaseInAppMessagingSwift-Beta */; };
		06818A0329EF175C00C6EA84 /* FirebaseInstallations in Frameworks */ = {isa = PBXBuildFile; productRef = 06818A0229EF175C00C6EA84 /* FirebaseInstallations */; };
		06818A0529EF175C00C6EA84 /* FirebaseMLModelDownloader in Frameworks */ = {isa = PBXBuildFile; productRef = 06818A0429EF175C00C6EA84 /* FirebaseMLModelDownloader */; };
		06818A0729EF175C00C6EA84 /* FirebaseMessaging in Frameworks */ = {isa = PBXBuildFile; productRef = 06818A0629EF175C00C6EA84 /* FirebaseMessaging */; };
		06818A0929EF175C00C6EA84 /* FirebasePerformance in Frameworks */ = {isa = PBXBuildFile; productRef = 06818A0829EF175C00C6EA84 /* FirebasePerformance */; };
		06818A0B29EF175C00C6EA84 /* FirebaseRemoteConfig in Frameworks */ = {isa = PBXBuildFile; productRef = 06818A0A29EF175C00C6EA84 /* FirebaseRemoteConfig */; };
		06818A0D29EF175C00C6EA84 /* FirebaseRemoteConfigSwift in Frameworks */ = {isa = PBXBuildFile; productRef = 06818A0C29EF175C00C6EA84 /* FirebaseRemoteConfigSwift */; };
		06818A0F29EF175C00C6EA84 /* FirebaseStorage in Frameworks */ = {isa = PBXBuildFile; productRef = 06818A0E29EF175C00C6EA84 /* FirebaseStorage */; };
		06818A1129EF175C00C6EA84 /* FirebaseStorageCombine-Community in Frameworks */ = {isa = PBXBuildFile; productRef = 06818A1029EF175C00C6EA84 /* FirebaseStorageCombine-Community */; };
		06B89FD029E08F4E00EF8F7F /* CustomTextField.swift in Sources */ = {isa = PBXBuildFile; fileRef = 06B89FCF29E08F4E00EF8F7F /* CustomTextField.swift */; };
		06EBF80329E051EA00426574 /* AppDelegate.swift in Sources */ = {isa = PBXBuildFile; fileRef = 06EBF80229E051EA00426574 /* AppDelegate.swift */; };
		06EBF80529E051EA00426574 /* SceneDelegate.swift in Sources */ = {isa = PBXBuildFile; fileRef = 06EBF80429E051EA00426574 /* SceneDelegate.swift */; };
		06EBF80729E051EA00426574 /* LoginViewController.swift in Sources */ = {isa = PBXBuildFile; fileRef = 06EBF80629E051EA00426574 /* LoginViewController.swift */; };
		06EBF80C29E051EB00426574 /* Assets.xcassets in Resources */ = {isa = PBXBuildFile; fileRef = 06EBF80B29E051EB00426574 /* Assets.xcassets */; };
		06EBF80F29E051EB00426574 /* LaunchScreen.storyboard in Resources */ = {isa = PBXBuildFile; fileRef = 06EBF80D29E051EB00426574 /* LaunchScreen.storyboard */; };
		06EBF81829E0603E00426574 /* SnapKit in Frameworks */ = {isa = PBXBuildFile; productRef = 06EBF81729E0603E00426574 /* SnapKit */; };
		06EBF81B29E0650C00426574 /* OpenSans-Bold.ttf in Resources */ = {isa = PBXBuildFile; fileRef = 06EBF81A29E0650C00426574 /* OpenSans-Bold.ttf */; };
		06EBF81D29E0652900426574 /* OpenSans-SemiBold.ttf in Resources */ = {isa = PBXBuildFile; fileRef = 06EBF81C29E0652900426574 /* OpenSans-SemiBold.ttf */; };
		06EBF81F29E0654300426574 /* OpenSans-Regular.ttf in Resources */ = {isa = PBXBuildFile; fileRef = 06EBF81E29E0654300426574 /* OpenSans-Regular.ttf */; };
		06EBF82229E0669C00426574 /* Constants.swift in Sources */ = {isa = PBXBuildFile; fileRef = 06EBF82129E0669C00426574 /* Constants.swift */; };
		06EBF82529E0677A00426574 /* Extension + UIView.swift in Sources */ = {isa = PBXBuildFile; fileRef = 06EBF82429E0677A00426574 /* Extension + UIView.swift */; };
		06F9292629EFF8E000AE9543 /* AuthManager.swift in Sources */ = {isa = PBXBuildFile; fileRef = 06F9292529EFF8E000AE9543 /* AuthManager.swift */; };
		06F9292929EFF97F00AE9543 /* RegisterUserInfo.swift in Sources */ = {isa = PBXBuildFile; fileRef = 06F9292829EFF97F00AE9543 /* RegisterUserInfo.swift */; };
		06F9292B29F002E300AE9543 /* LoginUserInfo.swift in Sources */ = {isa = PBXBuildFile; fileRef = 06F9292A29F002E300AE9543 /* LoginUserInfo.swift */; };
		06F9292D29F00E9100AE9543 /* HomeViewController.swift in Sources */ = {isa = PBXBuildFile; fileRef = 06F9292C29F00E9100AE9543 /* HomeViewController.swift */; };
		06F9292F29F01D8700AE9543 /* Validator.swift in Sources */ = {isa = PBXBuildFile; fileRef = 06F9292E29F01D8700AE9543 /* Validator.swift */; };
/* End PBXBuildFile section */

/* Begin PBXFileReference section */
		0643A59829EDF74000CD36D4 /* RegistryViewController.swift */ = {isa = PBXFileReference; lastKnownFileType = sourcecode.swift; path = RegistryViewController.swift; sourceTree = "<group>"; };
		0643A59A29EDF76D00CD36D4 /* ForgotPasswordViewController.swift */ = {isa = PBXFileReference; lastKnownFileType = sourcecode.swift; path = ForgotPasswordViewController.swift; sourceTree = "<group>"; };
		0643A59D29EDF82500CD36D4 /* Router.swift */ = {isa = PBXFileReference; lastKnownFileType = sourcecode.swift; path = Router.swift; sourceTree = "<group>"; };
		0643A59F29EDF92600CD36D4 /* MainRouter.swift */ = {isa = PBXFileReference; lastKnownFileType = sourcecode.swift; path = MainRouter.swift; sourceTree = "<group>"; };
		064E839F29ED90E700A09553 /* LogoView.swift */ = {isa = PBXFileReference; lastKnownFileType = sourcecode.swift; path = LogoView.swift; sourceTree = "<group>"; };
		064E83A129ED9E6200A09553 /* CustomButton.swift */ = {isa = PBXFileReference; lastKnownFileType = sourcecode.swift; path = CustomButton.swift; sourceTree = "<group>"; };
		068189D629EF099D00C6EA84 /* AlertManager.swift */ = {isa = PBXFileReference; lastKnownFileType = sourcecode.swift; path = AlertManager.swift; sourceTree = "<group>"; };
		068189D829EF124F00C6EA84 /* GoogleService-Info.plist */ = {isa = PBXFileReference; fileEncoding = 4; lastKnownFileType = text.plist.xml; path = "GoogleService-Info.plist"; sourceTree = "<group>"; };
		06B89FCF29E08F4E00EF8F7F /* CustomTextField.swift */ = {isa = PBXFileReference; lastKnownFileType = sourcecode.swift; path = CustomTextField.swift; sourceTree = "<group>"; };
		06EBF7FF29E051EA00426574 /* YTunesApp.app */ = {isa = PBXFileReference; explicitFileType = wrapper.application; includeInIndex = 0; path = YTunesApp.app; sourceTree = BUILT_PRODUCTS_DIR; };
		06EBF80229E051EA00426574 /* AppDelegate.swift */ = {isa = PBXFileReference; lastKnownFileType = sourcecode.swift; path = AppDelegate.swift; sourceTree = "<group>"; };
		06EBF80429E051EA00426574 /* SceneDelegate.swift */ = {isa = PBXFileReference; lastKnownFileType = sourcecode.swift; path = SceneDelegate.swift; sourceTree = "<group>"; };
		06EBF80629E051EA00426574 /* LoginViewController.swift */ = {isa = PBXFileReference; lastKnownFileType = sourcecode.swift; path = LoginViewController.swift; sourceTree = "<group>"; };
		06EBF80B29E051EB00426574 /* Assets.xcassets */ = {isa = PBXFileReference; lastKnownFileType = folder.assetcatalog; path = Assets.xcassets; sourceTree = "<group>"; };
		06EBF80E29E051EB00426574 /* Base */ = {isa = PBXFileReference; lastKnownFileType = file.storyboard; name = Base; path = Base.lproj/LaunchScreen.storyboard; sourceTree = "<group>"; };
		06EBF81029E051EB00426574 /* Info.plist */ = {isa = PBXFileReference; lastKnownFileType = text.plist.xml; path = Info.plist; sourceTree = "<group>"; };
		06EBF81A29E0650C00426574 /* OpenSans-Bold.ttf */ = {isa = PBXFileReference; lastKnownFileType = file; path = "OpenSans-Bold.ttf"; sourceTree = "<group>"; };
		06EBF81C29E0652900426574 /* OpenSans-SemiBold.ttf */ = {isa = PBXFileReference; lastKnownFileType = file; path = "OpenSans-SemiBold.ttf"; sourceTree = "<group>"; };
		06EBF81E29E0654300426574 /* OpenSans-Regular.ttf */ = {isa = PBXFileReference; lastKnownFileType = file; path = "OpenSans-Regular.ttf"; sourceTree = "<group>"; };
		06EBF82129E0669C00426574 /* Constants.swift */ = {isa = PBXFileReference; lastKnownFileType = sourcecode.swift; path = Constants.swift; sourceTree = "<group>"; };
		06EBF82429E0677A00426574 /* Extension + UIView.swift */ = {isa = PBXFileReference; lastKnownFileType = sourcecode.swift; path = "Extension + UIView.swift"; sourceTree = "<group>"; };
		06F9292529EFF8E000AE9543 /* AuthManager.swift */ = {isa = PBXFileReference; lastKnownFileType = sourcecode.swift; path = AuthManager.swift; sourceTree = "<group>"; };
		06F9292829EFF97F00AE9543 /* RegisterUserInfo.swift */ = {isa = PBXFileReference; lastKnownFileType = sourcecode.swift; path = RegisterUserInfo.swift; sourceTree = "<group>"; };
		06F9292A29F002E300AE9543 /* LoginUserInfo.swift */ = {isa = PBXFileReference; lastKnownFileType = sourcecode.swift; path = LoginUserInfo.swift; sourceTree = "<group>"; };
		06F9292C29F00E9100AE9543 /* HomeViewController.swift */ = {isa = PBXFileReference; lastKnownFileType = sourcecode.swift; path = HomeViewController.swift; sourceTree = "<group>"; };
		06F9292E29F01D8700AE9543 /* Validator.swift */ = {isa = PBXFileReference; lastKnownFileType = sourcecode.swift; path = Validator.swift; sourceTree = "<group>"; };
/* End PBXFileReference section */

/* Begin PBXFrameworksBuildPhase section */
		06EBF7FC29E051EA00426574 /* Frameworks */ = {
			isa = PBXFrameworksBuildPhase;
			buildActionMask = 2147483647;
			files = (
				068189FB29EF175C00C6EA84 /* FirebaseFunctions in Frameworks */,
				068189F129EF175C00C6EA84 /* FirebaseDatabaseSwift in Frameworks */,
				06818A0129EF175C00C6EA84 /* FirebaseInAppMessagingSwift-Beta in Frameworks */,
				06818A0729EF175C00C6EA84 /* FirebaseMessaging in Frameworks */,
				068189E729EF175C00C6EA84 /* FirebaseAppDistribution-Beta in Frameworks */,
				068189EB29EF175C00C6EA84 /* FirebaseAuthCombine-Community in Frameworks */,
				068189F729EF175C00C6EA84 /* FirebaseFirestoreCombine-Community in Frameworks */,
				068189E129EF175C00C6EA84 /* FirebaseAnalyticsSwift in Frameworks */,
				06818A0529EF175C00C6EA84 /* FirebaseMLModelDownloader in Frameworks */,
				068189E329EF175C00C6EA84 /* FirebaseAnalyticsWithoutAdIdSupport in Frameworks */,
				068189DD29EF175C00C6EA84 /* FirebaseAnalytics in Frameworks */,
				068189F929EF175C00C6EA84 /* FirebaseFirestoreSwift in Frameworks */,
				068189DF29EF175C00C6EA84 /* FirebaseAnalyticsOnDeviceConversion in Frameworks */,
				068189E529EF175C00C6EA84 /* FirebaseAppCheck in Frameworks */,
				06818A0929EF175C00C6EA84 /* FirebasePerformance in Frameworks */,
				068189FF29EF175C00C6EA84 /* FirebaseInAppMessaging-Beta in Frameworks */,
				068189FD29EF175C00C6EA84 /* FirebaseFunctionsCombine-Community in Frameworks */,
				068189ED29EF175C00C6EA84 /* FirebaseCrashlytics in Frameworks */,
				06818A0329EF175C00C6EA84 /* FirebaseInstallations in Frameworks */,
				06818A0B29EF175C00C6EA84 /* FirebaseRemoteConfig in Frameworks */,
				06818A0F29EF175C00C6EA84 /* FirebaseStorage in Frameworks */,
				068189EF29EF175C00C6EA84 /* FirebaseDatabase in Frameworks */,
				06818A1129EF175C00C6EA84 /* FirebaseStorageCombine-Community in Frameworks */,
				06EBF81829E0603E00426574 /* SnapKit in Frameworks */,
				068189E929EF175C00C6EA84 /* FirebaseAuth in Frameworks */,
				068189F329EF175C00C6EA84 /* FirebaseDynamicLinks in Frameworks */,
				068189F529EF175C00C6EA84 /* FirebaseFirestore in Frameworks */,
				06818A0D29EF175C00C6EA84 /* FirebaseRemoteConfigSwift in Frameworks */,
			);
			runOnlyForDeploymentPostprocessing = 0;
		};
/* End PBXFrameworksBuildPhase section */

/* Begin PBXGroup section */
		0643A59C29EDF81700CD36D4 /* Router */ = {
			isa = PBXGroup;
			children = (
				0643A59D29EDF82500CD36D4 /* Router.swift */,
				0643A59F29EDF92600CD36D4 /* MainRouter.swift */,
			);
			path = Router;
			sourceTree = "<group>";
		};
		064E83A329EDA34E00A09553 /* Controllers */ = {
			isa = PBXGroup;
			children = (
				06EBF80629E051EA00426574 /* LoginViewController.swift */,
				0643A59829EDF74000CD36D4 /* RegistryViewController.swift */,
				0643A59A29EDF76D00CD36D4 /* ForgotPasswordViewController.swift */,
				06F9292C29F00E9100AE9543 /* HomeViewController.swift */,
			);
			path = Controllers;
			sourceTree = "<group>";
		};
		068189D529EF099100C6EA84 /* Managers */ = {
			isa = PBXGroup;
			children = (
				068189D629EF099D00C6EA84 /* AlertManager.swift */,
				06F9292529EFF8E000AE9543 /* AuthManager.swift */,
				06F9292E29F01D8700AE9543 /* Validator.swift */,
			);
			path = Managers;
			sourceTree = "<group>";
		};
		06B89FCA29E08E5300EF8F7F /* Models */ = {
			isa = PBXGroup;
			children = (
				06F9292829EFF97F00AE9543 /* RegisterUserInfo.swift */,
				06F9292A29F002E300AE9543 /* LoginUserInfo.swift */,
			);
			path = Models;
			sourceTree = "<group>";
		};
		06B89FCB29E08E5B00EF8F7F /* Views */ = {
			isa = PBXGroup;
			children = (
				06B89FCE29E08ECD00EF8F7F /* LoginViews */,
			);
			path = Views;
			sourceTree = "<group>";
		};
		06B89FCC29E08E6600EF8F7F /* ViewModels */ = {
			isa = PBXGroup;
			children = (
			);
			path = ViewModels;
			sourceTree = "<group>";
		};
		06B89FCD29E08EBF00EF8F7F /* AppResources */ = {
			isa = PBXGroup;
			children = (
				06EBF80229E051EA00426574 /* AppDelegate.swift */,
				06EBF80429E051EA00426574 /* SceneDelegate.swift */,
				06EBF80D29E051EB00426574 /* LaunchScreen.storyboard */,
				06EBF81929E064EF00426574 /* Fonts */,
				06EBF80B29E051EB00426574 /* Assets.xcassets */,
				068189D829EF124F00C6EA84 /* GoogleService-Info.plist */,
			);
			path = AppResources;
			sourceTree = "<group>";
		};
		06B89FCE29E08ECD00EF8F7F /* LoginViews */ = {
			isa = PBXGroup;
			children = (
				064E839F29ED90E700A09553 /* LogoView.swift */,
				06B89FCF29E08F4E00EF8F7F /* CustomTextField.swift */,
				064E83A129ED9E6200A09553 /* CustomButton.swift */,
			);
			path = LoginViews;
			sourceTree = "<group>";
		};
		06EBF7F629E051EA00426574 = {
			isa = PBXGroup;
			children = (
				06EBF80129E051EA00426574 /* YTunesApp */,
				06EBF80029E051EA00426574 /* Products */,
			);
			sourceTree = "<group>";
		};
		06EBF80029E051EA00426574 /* Products */ = {
			isa = PBXGroup;
			children = (
				06EBF7FF29E051EA00426574 /* YTunesApp.app */,
			);
			name = Products;
			sourceTree = "<group>";
		};
		06EBF80129E051EA00426574 /* YTunesApp */ = {
			isa = PBXGroup;
			children = (
				068189D529EF099100C6EA84 /* Managers */,
				0643A59C29EDF81700CD36D4 /* Router */,
				06B89FCA29E08E5300EF8F7F /* Models */,
				06B89FCB29E08E5B00EF8F7F /* Views */,
				06B89FCC29E08E6600EF8F7F /* ViewModels */,
				064E83A329EDA34E00A09553 /* Controllers */,
				06B89FCD29E08EBF00EF8F7F /* AppResources */,
				06EBF82329E0675D00426574 /* Extensions */,
				06EBF82029E0668F00426574 /* Constants */,
				06EBF81029E051EB00426574 /* Info.plist */,
			);
			path = YTunesApp;
			sourceTree = "<group>";
		};
		06EBF81929E064EF00426574 /* Fonts */ = {
			isa = PBXGroup;
			children = (
				06EBF81A29E0650C00426574 /* OpenSans-Bold.ttf */,
				06EBF81C29E0652900426574 /* OpenSans-SemiBold.ttf */,
				06EBF81E29E0654300426574 /* OpenSans-Regular.ttf */,
			);
			path = Fonts;
			sourceTree = "<group>";
		};
		06EBF82029E0668F00426574 /* Constants */ = {
			isa = PBXGroup;
			children = (
				06EBF82129E0669C00426574 /* Constants.swift */,
			);
			path = Constants;
			sourceTree = "<group>";
		};
		06EBF82329E0675D00426574 /* Extensions */ = {
			isa = PBXGroup;
			children = (
				06EBF82429E0677A00426574 /* Extension + UIView.swift */,
			);
			path = Extensions;
			sourceTree = "<group>";
		};
/* End PBXGroup section */

/* Begin PBXNativeTarget section */
		06EBF7FE29E051EA00426574 /* YTunesApp */ = {
			isa = PBXNativeTarget;
			buildConfigurationList = 06EBF81329E051EB00426574 /* Build configuration list for PBXNativeTarget "YTunesApp" */;
			buildPhases = (
				06EBF7FB29E051EA00426574 /* Sources */,
				06EBF7FC29E051EA00426574 /* Frameworks */,
				06EBF7FD29E051EA00426574 /* Resources */,
			);
			buildRules = (
			);
			dependencies = (
			);
			name = YTunesApp;
			packageProductDependencies = (
				06EBF81729E0603E00426574 /* SnapKit */,
				068189DC29EF175C00C6EA84 /* FirebaseAnalytics */,
				068189DE29EF175C00C6EA84 /* FirebaseAnalyticsOnDeviceConversion */,
				068189E029EF175C00C6EA84 /* FirebaseAnalyticsSwift */,
				068189E229EF175C00C6EA84 /* FirebaseAnalyticsWithoutAdIdSupport */,
				068189E429EF175C00C6EA84 /* FirebaseAppCheck */,
				068189E629EF175C00C6EA84 /* FirebaseAppDistribution-Beta */,
				068189E829EF175C00C6EA84 /* FirebaseAuth */,
				068189EA29EF175C00C6EA84 /* FirebaseAuthCombine-Community */,
				068189EC29EF175C00C6EA84 /* FirebaseCrashlytics */,
				068189EE29EF175C00C6EA84 /* FirebaseDatabase */,
				068189F029EF175C00C6EA84 /* FirebaseDatabaseSwift */,
				068189F229EF175C00C6EA84 /* FirebaseDynamicLinks */,
				068189F429EF175C00C6EA84 /* FirebaseFirestore */,
				068189F629EF175C00C6EA84 /* FirebaseFirestoreCombine-Community */,
				068189F829EF175C00C6EA84 /* FirebaseFirestoreSwift */,
				068189FA29EF175C00C6EA84 /* FirebaseFunctions */,
				068189FC29EF175C00C6EA84 /* FirebaseFunctionsCombine-Community */,
				068189FE29EF175C00C6EA84 /* FirebaseInAppMessaging-Beta */,
				06818A0029EF175C00C6EA84 /* FirebaseInAppMessagingSwift-Beta */,
				06818A0229EF175C00C6EA84 /* FirebaseInstallations */,
				06818A0429EF175C00C6EA84 /* FirebaseMLModelDownloader */,
				06818A0629EF175C00C6EA84 /* FirebaseMessaging */,
				06818A0829EF175C00C6EA84 /* FirebasePerformance */,
				06818A0A29EF175C00C6EA84 /* FirebaseRemoteConfig */,
				06818A0C29EF175C00C6EA84 /* FirebaseRemoteConfigSwift */,
				06818A0E29EF175C00C6EA84 /* FirebaseStorage */,
				06818A1029EF175C00C6EA84 /* FirebaseStorageCombine-Community */,
			);
			productName = YTunesApp;
			productReference = 06EBF7FF29E051EA00426574 /* YTunesApp.app */;
			productType = "com.apple.product-type.application";
		};
/* End PBXNativeTarget section */

/* Begin PBXProject section */
		06EBF7F729E051EA00426574 /* Project object */ = {
			isa = PBXProject;
			attributes = {
				BuildIndependentTargetsInParallel = 1;
				LastSwiftUpdateCheck = 1430;
				LastUpgradeCheck = 1430;
				TargetAttributes = {
					06EBF7FE29E051EA00426574 = {
						CreatedOnToolsVersion = 14.3;
					};
				};
			};
			buildConfigurationList = 06EBF7FA29E051EA00426574 /* Build configuration list for PBXProject "YTunesApp" */;
			compatibilityVersion = "Xcode 14.0";
			developmentRegion = en;
			hasScannedForEncodings = 0;
			knownRegions = (
				en,
				Base,
			);
			mainGroup = 06EBF7F629E051EA00426574;
			packageReferences = (
				06EBF81629E0603D00426574 /* XCRemoteSwiftPackageReference "SnapKit" */,
				068189DB29EF175C00C6EA84 /* XCRemoteSwiftPackageReference "firebase-ios-sdk" */,
			);
			productRefGroup = 06EBF80029E051EA00426574 /* Products */;
			projectDirPath = "";
			projectRoot = "";
			targets = (
				06EBF7FE29E051EA00426574 /* YTunesApp */,
			);
		};
/* End PBXProject section */

/* Begin PBXResourcesBuildPhase section */
		06EBF7FD29E051EA00426574 /* Resources */ = {
			isa = PBXResourcesBuildPhase;
			buildActionMask = 2147483647;
			files = (
				06EBF81F29E0654300426574 /* OpenSans-Regular.ttf in Resources */,
				06EBF81D29E0652900426574 /* OpenSans-SemiBold.ttf in Resources */,
				06EBF80F29E051EB00426574 /* LaunchScreen.storyboard in Resources */,
				06EBF80C29E051EB00426574 /* Assets.xcassets in Resources */,
				06EBF81B29E0650C00426574 /* OpenSans-Bold.ttf in Resources */,
				068189D929EF124F00C6EA84 /* GoogleService-Info.plist in Resources */,
			);
			runOnlyForDeploymentPostprocessing = 0;
		};
/* End PBXResourcesBuildPhase section */

/* Begin PBXSourcesBuildPhase section */
		06EBF7FB29E051EA00426574 /* Sources */ = {
			isa = PBXSourcesBuildPhase;
			buildActionMask = 2147483647;
			files = (
				06EBF80729E051EA00426574 /* LoginViewController.swift in Sources */,
				06F9292629EFF8E000AE9543 /* AuthManager.swift in Sources */,
				06F9292B29F002E300AE9543 /* LoginUserInfo.swift in Sources */,
				06F9292D29F00E9100AE9543 /* HomeViewController.swift in Sources */,
				0643A59929EDF74000CD36D4 /* RegistryViewController.swift in Sources */,
				0643A59B29EDF76D00CD36D4 /* ForgotPasswordViewController.swift in Sources */,
				06EBF82529E0677A00426574 /* Extension + UIView.swift in Sources */,
				0643A59E29EDF82500CD36D4 /* Router.swift in Sources */,
				068189D729EF099D00C6EA84 /* AlertManager.swift in Sources */,
				0643A5A029EDF92600CD36D4 /* MainRouter.swift in Sources */,
				06F9292F29F01D8700AE9543 /* Validator.swift in Sources */,
				06B89FD029E08F4E00EF8F7F /* CustomTextField.swift in Sources */,
				06F9292929EFF97F00AE9543 /* RegisterUserInfo.swift in Sources */,
				06EBF80329E051EA00426574 /* AppDelegate.swift in Sources */,
				064E83A229ED9E6200A09553 /* CustomButton.swift in Sources */,
				064E83A029ED90E700A09553 /* LogoView.swift in Sources */,
				06EBF80529E051EA00426574 /* SceneDelegate.swift in Sources */,
				06EBF82229E0669C00426574 /* Constants.swift in Sources */,
			);
			runOnlyForDeploymentPostprocessing = 0;
		};
/* End PBXSourcesBuildPhase section */

/* Begin PBXVariantGroup section */
		06EBF80D29E051EB00426574 /* LaunchScreen.storyboard */ = {
			isa = PBXVariantGroup;
			children = (
				06EBF80E29E051EB00426574 /* Base */,
			);
			name = LaunchScreen.storyboard;
			sourceTree = "<group>";
		};
/* End PBXVariantGroup section */

/* Begin XCBuildConfiguration section */
		06EBF81129E051EB00426574 /* Debug */ = {
			isa = XCBuildConfiguration;
			buildSettings = {
				ALWAYS_SEARCH_USER_PATHS = NO;
				CLANG_ANALYZER_NONNULL = YES;
				CLANG_ANALYZER_NUMBER_OBJECT_CONVERSION = YES_AGGRESSIVE;
				CLANG_CXX_LANGUAGE_STANDARD = "gnu++20";
				CLANG_ENABLE_MODULES = YES;
				CLANG_ENABLE_OBJC_ARC = YES;
				CLANG_ENABLE_OBJC_WEAK = YES;
				CLANG_WARN_BLOCK_CAPTURE_AUTORELEASING = YES;
				CLANG_WARN_BOOL_CONVERSION = YES;
				CLANG_WARN_COMMA = YES;
				CLANG_WARN_CONSTANT_CONVERSION = YES;
				CLANG_WARN_DEPRECATED_OBJC_IMPLEMENTATIONS = YES;
				CLANG_WARN_DIRECT_OBJC_ISA_USAGE = YES_ERROR;
				CLANG_WARN_DOCUMENTATION_COMMENTS = YES;
				CLANG_WARN_EMPTY_BODY = YES;
				CLANG_WARN_ENUM_CONVERSION = YES;
				CLANG_WARN_INFINITE_RECURSION = YES;
				CLANG_WARN_INT_CONVERSION = YES;
				CLANG_WARN_NON_LITERAL_NULL_CONVERSION = YES;
				CLANG_WARN_OBJC_IMPLICIT_RETAIN_SELF = YES;
				CLANG_WARN_OBJC_LITERAL_CONVERSION = YES;
				CLANG_WARN_OBJC_ROOT_CLASS = YES_ERROR;
				CLANG_WARN_QUOTED_INCLUDE_IN_FRAMEWORK_HEADER = YES;
				CLANG_WARN_RANGE_LOOP_ANALYSIS = YES;
				CLANG_WARN_STRICT_PROTOTYPES = YES;
				CLANG_WARN_SUSPICIOUS_MOVE = YES;
				CLANG_WARN_UNGUARDED_AVAILABILITY = YES_AGGRESSIVE;
				CLANG_WARN_UNREACHABLE_CODE = YES;
				CLANG_WARN__DUPLICATE_METHOD_MATCH = YES;
				COPY_PHASE_STRIP = NO;
				DEBUG_INFORMATION_FORMAT = dwarf;
				ENABLE_STRICT_OBJC_MSGSEND = YES;
				ENABLE_TESTABILITY = YES;
				GCC_C_LANGUAGE_STANDARD = gnu11;
				GCC_DYNAMIC_NO_PIC = NO;
				GCC_NO_COMMON_BLOCKS = YES;
				GCC_OPTIMIZATION_LEVEL = 0;
				GCC_PREPROCESSOR_DEFINITIONS = (
					"DEBUG=1",
					"$(inherited)",
				);
				GCC_WARN_64_TO_32_BIT_CONVERSION = YES;
				GCC_WARN_ABOUT_RETURN_TYPE = YES_ERROR;
				GCC_WARN_UNDECLARED_SELECTOR = YES;
				GCC_WARN_UNINITIALIZED_AUTOS = YES_AGGRESSIVE;
				GCC_WARN_UNUSED_FUNCTION = YES;
				GCC_WARN_UNUSED_VARIABLE = YES;
				IPHONEOS_DEPLOYMENT_TARGET = 16.4;
				MTL_ENABLE_DEBUG_INFO = INCLUDE_SOURCE;
				MTL_FAST_MATH = YES;
				ONLY_ACTIVE_ARCH = YES;
				SDKROOT = iphoneos;
				SWIFT_ACTIVE_COMPILATION_CONDITIONS = DEBUG;
				SWIFT_OPTIMIZATION_LEVEL = "-Onone";
			};
			name = Debug;
		};
		06EBF81229E051EB00426574 /* Release */ = {
			isa = XCBuildConfiguration;
			buildSettings = {
				ALWAYS_SEARCH_USER_PATHS = NO;
				CLANG_ANALYZER_NONNULL = YES;
				CLANG_ANALYZER_NUMBER_OBJECT_CONVERSION = YES_AGGRESSIVE;
				CLANG_CXX_LANGUAGE_STANDARD = "gnu++20";
				CLANG_ENABLE_MODULES = YES;
				CLANG_ENABLE_OBJC_ARC = YES;
				CLANG_ENABLE_OBJC_WEAK = YES;
				CLANG_WARN_BLOCK_CAPTURE_AUTORELEASING = YES;
				CLANG_WARN_BOOL_CONVERSION = YES;
				CLANG_WARN_COMMA = YES;
				CLANG_WARN_CONSTANT_CONVERSION = YES;
				CLANG_WARN_DEPRECATED_OBJC_IMPLEMENTATIONS = YES;
				CLANG_WARN_DIRECT_OBJC_ISA_USAGE = YES_ERROR;
				CLANG_WARN_DOCUMENTATION_COMMENTS = YES;
				CLANG_WARN_EMPTY_BODY = YES;
				CLANG_WARN_ENUM_CONVERSION = YES;
				CLANG_WARN_INFINITE_RECURSION = YES;
				CLANG_WARN_INT_CONVERSION = YES;
				CLANG_WARN_NON_LITERAL_NULL_CONVERSION = YES;
				CLANG_WARN_OBJC_IMPLICIT_RETAIN_SELF = YES;
				CLANG_WARN_OBJC_LITERAL_CONVERSION = YES;
				CLANG_WARN_OBJC_ROOT_CLASS = YES_ERROR;
				CLANG_WARN_QUOTED_INCLUDE_IN_FRAMEWORK_HEADER = YES;
				CLANG_WARN_RANGE_LOOP_ANALYSIS = YES;
				CLANG_WARN_STRICT_PROTOTYPES = YES;
				CLANG_WARN_SUSPICIOUS_MOVE = YES;
				CLANG_WARN_UNGUARDED_AVAILABILITY = YES_AGGRESSIVE;
				CLANG_WARN_UNREACHABLE_CODE = YES;
				CLANG_WARN__DUPLICATE_METHOD_MATCH = YES;
				COPY_PHASE_STRIP = NO;
				DEBUG_INFORMATION_FORMAT = "dwarf-with-dsym";
				ENABLE_NS_ASSERTIONS = NO;
				ENABLE_STRICT_OBJC_MSGSEND = YES;
				GCC_C_LANGUAGE_STANDARD = gnu11;
				GCC_NO_COMMON_BLOCKS = YES;
				GCC_WARN_64_TO_32_BIT_CONVERSION = YES;
				GCC_WARN_ABOUT_RETURN_TYPE = YES_ERROR;
				GCC_WARN_UNDECLARED_SELECTOR = YES;
				GCC_WARN_UNINITIALIZED_AUTOS = YES_AGGRESSIVE;
				GCC_WARN_UNUSED_FUNCTION = YES;
				GCC_WARN_UNUSED_VARIABLE = YES;
				IPHONEOS_DEPLOYMENT_TARGET = 16.4;
				MTL_ENABLE_DEBUG_INFO = NO;
				MTL_FAST_MATH = YES;
				SDKROOT = iphoneos;
				SWIFT_COMPILATION_MODE = wholemodule;
				SWIFT_OPTIMIZATION_LEVEL = "-O";
				VALIDATE_PRODUCT = YES;
			};
			name = Release;
		};
		06EBF81429E051EB00426574 /* Debug */ = {
			isa = XCBuildConfiguration;
			buildSettings = {
				ASSETCATALOG_COMPILER_APPICON_NAME = AppIcon;
				ASSETCATALOG_COMPILER_GLOBAL_ACCENT_COLOR_NAME = AccentColor;
				CODE_SIGN_STYLE = Automatic;
				CURRENT_PROJECT_VERSION = 1;
				DEVELOPMENT_TEAM = MD9SFH54JC;
				GENERATE_INFOPLIST_FILE = YES;
				INFOPLIST_FILE = YTunesApp/Info.plist;
				INFOPLIST_KEY_UIApplicationSupportsIndirectInputEvents = YES;
				INFOPLIST_KEY_UILaunchStoryboardName = LaunchScreen;
				INFOPLIST_KEY_UISupportedInterfaceOrientations_iPad = "UIInterfaceOrientationPortrait UIInterfaceOrientationPortraitUpsideDown UIInterfaceOrientationLandscapeLeft UIInterfaceOrientationLandscapeRight";
				INFOPLIST_KEY_UISupportedInterfaceOrientations_iPhone = "UIInterfaceOrientationPortrait UIInterfaceOrientationLandscapeLeft UIInterfaceOrientationLandscapeRight";
				LD_RUNPATH_SEARCH_PATHS = (
					"$(inherited)",
					"@executable_path/Frameworks",
				);
				MARKETING_VERSION = 1.0;
				PRODUCT_BUNDLE_IDENTIFIER = e.docenko.YTunesApp;
				PRODUCT_NAME = "$(TARGET_NAME)";
				SWIFT_EMIT_LOC_STRINGS = YES;
				SWIFT_VERSION = 5.0;
				TARGETED_DEVICE_FAMILY = "1,2";
			};
			name = Debug;
		};
		06EBF81529E051EB00426574 /* Release */ = {
			isa = XCBuildConfiguration;
			buildSettings = {
				ASSETCATALOG_COMPILER_APPICON_NAME = AppIcon;
				ASSETCATALOG_COMPILER_GLOBAL_ACCENT_COLOR_NAME = AccentColor;
				CODE_SIGN_STYLE = Automatic;
				CURRENT_PROJECT_VERSION = 1;
				DEVELOPMENT_TEAM = MD9SFH54JC;
				GENERATE_INFOPLIST_FILE = YES;
				INFOPLIST_FILE = YTunesApp/Info.plist;
				INFOPLIST_KEY_UIApplicationSupportsIndirectInputEvents = YES;
				INFOPLIST_KEY_UILaunchStoryboardName = LaunchScreen;
				INFOPLIST_KEY_UISupportedInterfaceOrientations_iPad = "UIInterfaceOrientationPortrait UIInterfaceOrientationPortraitUpsideDown UIInterfaceOrientationLandscapeLeft UIInterfaceOrientationLandscapeRight";
				INFOPLIST_KEY_UISupportedInterfaceOrientations_iPhone = "UIInterfaceOrientationPortrait UIInterfaceOrientationLandscapeLeft UIInterfaceOrientationLandscapeRight";
				LD_RUNPATH_SEARCH_PATHS = (
					"$(inherited)",
					"@executable_path/Frameworks",
				);
				MARKETING_VERSION = 1.0;
				PRODUCT_BUNDLE_IDENTIFIER = e.docenko.YTunesApp;
				PRODUCT_NAME = "$(TARGET_NAME)";
				SWIFT_EMIT_LOC_STRINGS = YES;
				SWIFT_VERSION = 5.0;
				TARGETED_DEVICE_FAMILY = "1,2";
			};
			name = Release;
		};
/* End XCBuildConfiguration section */

/* Begin XCConfigurationList section */
		06EBF7FA29E051EA00426574 /* Build configuration list for PBXProject "YTunesApp" */ = {
			isa = XCConfigurationList;
			buildConfigurations = (
				06EBF81129E051EB00426574 /* Debug */,
				06EBF81229E051EB00426574 /* Release */,
			);
			defaultConfigurationIsVisible = 0;
			defaultConfigurationName = Release;
		};
		06EBF81329E051EB00426574 /* Build configuration list for PBXNativeTarget "YTunesApp" */ = {
			isa = XCConfigurationList;
			buildConfigurations = (
				06EBF81429E051EB00426574 /* Debug */,
				06EBF81529E051EB00426574 /* Release */,
			);
			defaultConfigurationIsVisible = 0;
			defaultConfigurationName = Release;
		};
/* End XCConfigurationList section */

/* Begin XCRemoteSwiftPackageReference section */
		068189DB29EF175C00C6EA84 /* XCRemoteSwiftPackageReference "firebase-ios-sdk" */ = {
			isa = XCRemoteSwiftPackageReference;
			repositoryURL = "https://github.com/firebase/firebase-ios-sdk";
			requirement = {
				kind = upToNextMajorVersion;
				minimumVersion = 10.0.0;
			};
		};
		06EBF81629E0603D00426574 /* XCRemoteSwiftPackageReference "SnapKit" */ = {
			isa = XCRemoteSwiftPackageReference;
			repositoryURL = "https://github.com/SnapKit/SnapKit";
			requirement = {
				kind = upToNextMajorVersion;
				minimumVersion = 5.0.0;
			};
		};
/* End XCRemoteSwiftPackageReference section */

/* Begin XCSwiftPackageProductDependency section */
		068189DC29EF175C00C6EA84 /* FirebaseAnalytics */ = {
			isa = XCSwiftPackageProductDependency;
			package = 068189DB29EF175C00C6EA84 /* XCRemoteSwiftPackageReference "firebase-ios-sdk" */;
			productName = FirebaseAnalytics;
		};
		068189DE29EF175C00C6EA84 /* FirebaseAnalyticsOnDeviceConversion */ = {
			isa = XCSwiftPackageProductDependency;
			package = 068189DB29EF175C00C6EA84 /* XCRemoteSwiftPackageReference "firebase-ios-sdk" */;
			productName = FirebaseAnalyticsOnDeviceConversion;
		};
		068189E029EF175C00C6EA84 /* FirebaseAnalyticsSwift */ = {
			isa = XCSwiftPackageProductDependency;
			package = 068189DB29EF175C00C6EA84 /* XCRemoteSwiftPackageReference "firebase-ios-sdk" */;
			productName = FirebaseAnalyticsSwift;
		};
		068189E229EF175C00C6EA84 /* FirebaseAnalyticsWithoutAdIdSupport */ = {
			isa = XCSwiftPackageProductDependency;
			package = 068189DB29EF175C00C6EA84 /* XCRemoteSwiftPackageReference "firebase-ios-sdk" */;
			productName = FirebaseAnalyticsWithoutAdIdSupport;
		};
		068189E429EF175C00C6EA84 /* FirebaseAppCheck */ = {
			isa = XCSwiftPackageProductDependency;
			package = 068189DB29EF175C00C6EA84 /* XCRemoteSwiftPackageReference "firebase-ios-sdk" */;
			productName = FirebaseAppCheck;
		};
		068189E629EF175C00C6EA84 /* FirebaseAppDistribution-Beta */ = {
			isa = XCSwiftPackageProductDependency;
			package = 068189DB29EF175C00C6EA84 /* XCRemoteSwiftPackageReference "firebase-ios-sdk" */;
			productName = "FirebaseAppDistribution-Beta";
		};
		068189E829EF175C00C6EA84 /* FirebaseAuth */ = {
			isa = XCSwiftPackageProductDependency;
			package = 068189DB29EF175C00C6EA84 /* XCRemoteSwiftPackageReference "firebase-ios-sdk" */;
			productName = FirebaseAuth;
		};
		068189EA29EF175C00C6EA84 /* FirebaseAuthCombine-Community */ = {
			isa = XCSwiftPackageProductDependency;
			package = 068189DB29EF175C00C6EA84 /* XCRemoteSwiftPackageReference "firebase-ios-sdk" */;
			productName = "FirebaseAuthCombine-Community";
		};
		068189EC29EF175C00C6EA84 /* FirebaseCrashlytics */ = {
			isa = XCSwiftPackageProductDependency;
			package = 068189DB29EF175C00C6EA84 /* XCRemoteSwiftPackageReference "firebase-ios-sdk" */;
			productName = FirebaseCrashlytics;
		};
		068189EE29EF175C00C6EA84 /* FirebaseDatabase */ = {
			isa = XCSwiftPackageProductDependency;
			package = 068189DB29EF175C00C6EA84 /* XCRemoteSwiftPackageReference "firebase-ios-sdk" */;
			productName = FirebaseDatabase;
		};
		068189F029EF175C00C6EA84 /* FirebaseDatabaseSwift */ = {
			isa = XCSwiftPackageProductDependency;
			package = 068189DB29EF175C00C6EA84 /* XCRemoteSwiftPackageReference "firebase-ios-sdk" */;
			productName = FirebaseDatabaseSwift;
		};
		068189F229EF175C00C6EA84 /* FirebaseDynamicLinks */ = {
			isa = XCSwiftPackageProductDependency;
			package = 068189DB29EF175C00C6EA84 /* XCRemoteSwiftPackageReference "firebase-ios-sdk" */;
			productName = FirebaseDynamicLinks;
		};
		068189F429EF175C00C6EA84 /* FirebaseFirestore */ = {
			isa = XCSwiftPackageProductDependency;
			package = 068189DB29EF175C00C6EA84 /* XCRemoteSwiftPackageReference "firebase-ios-sdk" */;
			productName = FirebaseFirestore;
		};
		068189F629EF175C00C6EA84 /* FirebaseFirestoreCombine-Community */ = {
			isa = XCSwiftPackageProductDependency;
			package = 068189DB29EF175C00C6EA84 /* XCRemoteSwiftPackageReference "firebase-ios-sdk" */;
			productName = "FirebaseFirestoreCombine-Community";
		};
		068189F829EF175C00C6EA84 /* FirebaseFirestoreSwift */ = {
			isa = XCSwiftPackageProductDependency;
			package = 068189DB29EF175C00C6EA84 /* XCRemoteSwiftPackageReference "firebase-ios-sdk" */;
			productName = FirebaseFirestoreSwift;
		};
		068189FA29EF175C00C6EA84 /* FirebaseFunctions */ = {
			isa = XCSwiftPackageProductDependency;
			package = 068189DB29EF175C00C6EA84 /* XCRemoteSwiftPackageReference "firebase-ios-sdk" */;
			productName = FirebaseFunctions;
		};
		068189FC29EF175C00C6EA84 /* FirebaseFunctionsCombine-Community */ = {
			isa = XCSwiftPackageProductDependency;
			package = 068189DB29EF175C00C6EA84 /* XCRemoteSwiftPackageReference "firebase-ios-sdk" */;
			productName = "FirebaseFunctionsCombine-Community";
		};
		068189FE29EF175C00C6EA84 /* FirebaseInAppMessaging-Beta */ = {
			isa = XCSwiftPackageProductDependency;
			package = 068189DB29EF175C00C6EA84 /* XCRemoteSwiftPackageReference "firebase-ios-sdk" */;
			productName = "FirebaseInAppMessaging-Beta";
		};
		06818A0029EF175C00C6EA84 /* FirebaseInAppMessagingSwift-Beta */ = {
			isa = XCSwiftPackageProductDependency;
			package = 068189DB29EF175C00C6EA84 /* XCRemoteSwiftPackageReference "firebase-ios-sdk" */;
			productName = "FirebaseInAppMessagingSwift-Beta";
		};
		06818A0229EF175C00C6EA84 /* FirebaseInstallations */ = {
			isa = XCSwiftPackageProductDependency;
			package = 068189DB29EF175C00C6EA84 /* XCRemoteSwiftPackageReference "firebase-ios-sdk" */;
			productName = FirebaseInstallations;
		};
		06818A0429EF175C00C6EA84 /* FirebaseMLModelDownloader */ = {
			isa = XCSwiftPackageProductDependency;
			package = 068189DB29EF175C00C6EA84 /* XCRemoteSwiftPackageReference "firebase-ios-sdk" */;
			productName = FirebaseMLModelDownloader;
		};
		06818A0629EF175C00C6EA84 /* FirebaseMessaging */ = {
			isa = XCSwiftPackageProductDependency;
			package = 068189DB29EF175C00C6EA84 /* XCRemoteSwiftPackageReference "firebase-ios-sdk" */;
			productName = FirebaseMessaging;
		};
		06818A0829EF175C00C6EA84 /* FirebasePerformance */ = {
			isa = XCSwiftPackageProductDependency;
			package = 068189DB29EF175C00C6EA84 /* XCRemoteSwiftPackageReference "firebase-ios-sdk" */;
			productName = FirebasePerformance;
		};
		06818A0A29EF175C00C6EA84 /* FirebaseRemoteConfig */ = {
			isa = XCSwiftPackageProductDependency;
			package = 068189DB29EF175C00C6EA84 /* XCRemoteSwiftPackageReference "firebase-ios-sdk" */;
			productName = FirebaseRemoteConfig;
		};
		06818A0C29EF175C00C6EA84 /* FirebaseRemoteConfigSwift */ = {
			isa = XCSwiftPackageProductDependency;
			package = 068189DB29EF175C00C6EA84 /* XCRemoteSwiftPackageReference "firebase-ios-sdk" */;
			productName = FirebaseRemoteConfigSwift;
		};
		06818A0E29EF175C00C6EA84 /* FirebaseStorage */ = {
			isa = XCSwiftPackageProductDependency;
			package = 068189DB29EF175C00C6EA84 /* XCRemoteSwiftPackageReference "firebase-ios-sdk" */;
			productName = FirebaseStorage;
		};
		06818A1029EF175C00C6EA84 /* FirebaseStorageCombine-Community */ = {
			isa = XCSwiftPackageProductDependency;
			package = 068189DB29EF175C00C6EA84 /* XCRemoteSwiftPackageReference "firebase-ios-sdk" */;
			productName = "FirebaseStorageCombine-Community";
		};
		06EBF81729E0603E00426574 /* SnapKit */ = {
			isa = XCSwiftPackageProductDependency;
			package = 06EBF81629E0603D00426574 /* XCRemoteSwiftPackageReference "SnapKit" */;
			productName = SnapKit;
		};
/* End XCSwiftPackageProductDependency section */
	};
	rootObject = 06EBF7F729E051EA00426574 /* Project object */;
}
